
Microsoft Visual Studio Solution File, Format Version 12.00
# Visual Studio Version 17
VisualStudioVersion = 17.10.35013.160
MinimumVisualStudioVersion = 10.0.40219.1
Project("{9A19103F-16F7-4668-BE54-9A1E7A4F7556}") = "FinalYearProject", "FinalYearProject.csproj", "{73397944-D97C-4902-B51E-486C7F4F0215}"
	ProjectSection(ProjectDependencies) = postProject
		{8D60BCF7-7263-4386-81D8-72DDDF0F3071} = {8D60BCF7-7263-4386-81D8-72DDDF0F3071}
	EndProjectSection
EndProject
Project("{9A19103F-16F7-4668-BE54-9A1E7A4F7556}") = "ChatServer", "..\ChatServer\ChatServer.csproj", "{8D60BCF7-7263-4386-81D8-72DDDF0F3071}"
EndProject
Global
	GlobalSection(SolutionConfigurationPlatforms) = preSolution
		Debug|Any CPU = Debug|Any CPU
		Release|Any CPU = Release|Any CPU
	EndGlobalSection
	GlobalSection(ProjectConfigurationPlatforms) = postSolution
		{73397944-D97C-4902-B51E-486C7F4F0215}.Debug|Any CPU.ActiveCfg = Debug|Any CPU
		{73397944-D97C-4902-B51E-486C7F4F0215}.Debug|Any CPU.Build.0 = Debug|Any CPU
		{73397944-D97C-4902-B51E-486C7F4F0215}.Debug|Any CPU.Deploy.0 = Debug|Any CPU
		{73397944-D97C-4902-B51E-486C7F4F0215}.Release|Any CPU.ActiveCfg = Release|Any CPU
		{73397944-D97C-4902-B51E-486C7F4F0215}.Release|Any CPU.Build.0 = Release|Any CPU
		{73397944-D97C-4902-B51E-486C7F4F0215}.Release|Any CPU.Deploy.0 = Release|Any CPU
		{8D60BCF7-7263-4386-81D8-72DDDF0F3071}.Debug|Any CPU.ActiveCfg = Debug|Any CPU
		{8D60BCF7-7263-4386-81D8-72DDDF0F3071}.Debug|Any CPU.Build.0 = Debug|Any CPU
		{8D60BCF7-7263-4386-81D8-72DDDF0F3071}.Release|Any CPU.ActiveCfg = Release|Any CPU
		{8D60BCF7-7263-4386-81D8-72DDDF0F3071}.Release|Any CPU.Build.0 = Release|Any CPU
	EndGlobalSection
	GlobalSection(SolutionProperties) = preSolution
		HideSolutionNode = FALSE
	EndGlobalSection
	GlobalSection(ExtensibilityGlobals) = postSolution
		SolutionGuid = {CBB37345-872B-4768-8E7D-C6EFEB124126}
	EndGlobalSection
EndGlobal
